// !$*UTF8*$!
{
	archiveVersion = 1;
	classes = {
	};
	objectVersion = 55;
	objects = {

/* Begin PBXBuildFile section */
		C4323FDE28C3BC3D0039D8CE /* AppDelegate.swift in Sources */ = {isa = PBXBuildFile; fileRef = C4323FDD28C3BC3D0039D8CE /* AppDelegate.swift */; };
		C4323FE228C3BC3D0039D8CE /* LoginScreenViewController.swift in Sources */ = {isa = PBXBuildFile; fileRef = C4323FE128C3BC3D0039D8CE /* LoginScreenViewController.swift */; };
		C4323FE828C3BC3D0039D8CE /* I_Am_Fika.xcdatamodeld in Sources */ = {isa = PBXBuildFile; fileRef = C4323FE628C3BC3D0039D8CE /* I_Am_Fika.xcdatamodeld */; };
		C4323FEA28C3BC3F0039D8CE /* Assets.xcassets in Resources */ = {isa = PBXBuildFile; fileRef = C4323FE928C3BC3F0039D8CE /* Assets.xcassets */; };
		C4323FED28C3BC3F0039D8CE /* LaunchScreen.storyboard in Resources */ = {isa = PBXBuildFile; fileRef = C4323FEB28C3BC3F0039D8CE /* LaunchScreen.storyboard */; };
		C4323FF528C3C7F70039D8CE /* MyView.swift in Sources */ = {isa = PBXBuildFile; fileRef = C4323FF428C3C7F70039D8CE /* MyView.swift */; };
		C4323FF728C3D7540039D8CE /* MyStackViewController.swift in Sources */ = {isa = PBXBuildFile; fileRef = C4323FF628C3D7540039D8CE /* MyStackViewController.swift */; };
		C4A698A728CC670400CD669A /* LoginScreenView.swift in Sources */ = {isa = PBXBuildFile; fileRef = C4A698A628CC670400CD669A /* LoginScreenView.swift */; };
/* End PBXBuildFile section */

/* Begin PBXFileReference section */
		C4323FDA28C3BC3D0039D8CE /* I Am Fika.app */ = {isa = PBXFileReference; explicitFileType = wrapper.application; includeInIndex = 0; path = "I Am Fika.app"; sourceTree = BUILT_PRODUCTS_DIR; };
		C4323FDD28C3BC3D0039D8CE /* AppDelegate.swift */ = {isa = PBXFileReference; lastKnownFileType = sourcecode.swift; path = AppDelegate.swift; sourceTree = "<group>"; };
		C4323FE128C3BC3D0039D8CE /* LoginScreenViewController.swift */ = {isa = PBXFileReference; lastKnownFileType = sourcecode.swift; path = LoginScreenViewController.swift; sourceTree = "<group>"; };
		C4323FE728C3BC3D0039D8CE /* I_Am_Fika.xcdatamodel */ = {isa = PBXFileReference; lastKnownFileType = wrapper.xcdatamodel; path = I_Am_Fika.xcdatamodel; sourceTree = "<group>"; };
		C4323FE928C3BC3F0039D8CE /* Assets.xcassets */ = {isa = PBXFileReference; lastKnownFileType = folder.assetcatalog; path = Assets.xcassets; sourceTree = "<group>"; };
		C4323FEC28C3BC3F0039D8CE /* Base */ = {isa = PBXFileReference; lastKnownFileType = file.storyboard; name = Base; path = Base.lproj/LaunchScreen.storyboard; sourceTree = "<group>"; };
		C4323FEE28C3BC3F0039D8CE /* Info.plist */ = {isa = PBXFileReference; lastKnownFileType = text.plist.xml; path = Info.plist; sourceTree = "<group>"; };
		C4323FF428C3C7F70039D8CE /* MyView.swift */ = {isa = PBXFileReference; lastKnownFileType = sourcecode.swift; path = MyView.swift; sourceTree = "<group>"; };
		C4323FF628C3D7540039D8CE /* MyStackViewController.swift */ = {isa = PBXFileReference; lastKnownFileType = sourcecode.swift; path = MyStackViewController.swift; sourceTree = "<group>"; };
		C4A698A628CC670400CD669A /* LoginScreenView.swift */ = {isa = PBXFileReference; lastKnownFileType = sourcecode.swift; path = LoginScreenView.swift; sourceTree = "<group>"; };
/* End PBXFileReference section */

/* Begin PBXFrameworksBuildPhase section */
		C4323FD728C3BC3D0039D8CE /* Frameworks */ = {
			isa = PBXFrameworksBuildPhase;
			buildActionMask = 2147483647;
			files = (
			);
			runOnlyForDeploymentPostprocessing = 0;
		};
/* End PBXFrameworksBuildPhase section */

/* Begin PBXGroup section */
		C4323FD128C3BC3D0039D8CE = {
			isa = PBXGroup;
			children = (
				C4323FDC28C3BC3D0039D8CE /* I Am Fika */,
				C4323FDB28C3BC3D0039D8CE /* Products */,
			);
			sourceTree = "<group>";
		};
		C4323FDB28C3BC3D0039D8CE /* Products */ = {
			isa = PBXGroup;
			children = (
				C4323FDA28C3BC3D0039D8CE /* I Am Fika.app */,
			);
			name = Products;
			sourceTree = "<group>";
		};
		C4323FDC28C3BC3D0039D8CE /* I Am Fika */ = {
			isa = PBXGroup;
			children = (
				C4323FDD28C3BC3D0039D8CE /* AppDelegate.swift */,
				C4323FE128C3BC3D0039D8CE /* LoginScreenViewController.swift */,
				C4323FF428C3C7F70039D8CE /* MyView.swift */,
				C4323FE928C3BC3F0039D8CE /* Assets.xcassets */,
				C4323FEB28C3BC3F0039D8CE /* LaunchScreen.storyboard */,
				C4323FEE28C3BC3F0039D8CE /* Info.plist */,
				C4323FE628C3BC3D0039D8CE /* I_Am_Fika.xcdatamodeld */,
				C4323FF628C3D7540039D8CE /* MyStackViewController.swift */,
				C4A698A628CC670400CD669A /* LoginScreenView.swift */,
			);
			path = "I Am Fika";
			sourceTree = "<group>";
		};
/* End PBXGroup section */

/* Begin PBXNativeTarget section */
		C4323FD928C3BC3D0039D8CE /* I Am Fika */ = {
			isa = PBXNativeTarget;
			buildConfigurationList = C4323FF128C3BC3F0039D8CE /* Build configuration list for PBXNativeTarget "I Am Fika" */;
			buildPhases = (
				C4323FD628C3BC3D0039D8CE /* Sources */,
				C4323FD728C3BC3D0039D8CE /* Frameworks */,
				C4323FD828C3BC3D0039D8CE /* Resources */,
			);
			buildRules = (
			);
			dependencies = (
			);
			name = "I Am Fika";
			productName = "I Am Fika";
			productReference = C4323FDA28C3BC3D0039D8CE /* I Am Fika.app */;
			productType = "com.apple.product-type.application";
		};
/* End PBXNativeTarget section */

/* Begin PBXProject section */
		C4323FD228C3BC3D0039D8CE /* Project object */ = {
			isa = PBXProject;
			attributes = {
				BuildIndependentTargetsInParallel = 1;
				LastSwiftUpdateCheck = 1340;
				LastUpgradeCheck = 1340;
				TargetAttributes = {
					C4323FD928C3BC3D0039D8CE = {
						CreatedOnToolsVersion = 13.4.1;
					};
				};
			};
			buildConfigurationList = C4323FD528C3BC3D0039D8CE /* Build configuration list for PBXProject "I Am Fika" */;
			compatibilityVersion = "Xcode 13.0";
			developmentRegion = en;
			hasScannedForEncodings = 0;
			knownRegions = (
				en,
				Base,
			);
			mainGroup = C4323FD128C3BC3D0039D8CE;
			productRefGroup = C4323FDB28C3BC3D0039D8CE /* Products */;
			projectDirPath = "";
			projectRoot = "";
			targets = (
				C4323FD928C3BC3D0039D8CE /* I Am Fika */,
			);
		};
/* End PBXProject section */

/* Begin PBXResourcesBuildPhase section */
		C4323FD828C3BC3D0039D8CE /* Resources */ = {
			isa = PBXResourcesBuildPhase;
			buildActionMask = 2147483647;
			files = (
				C4323FED28C3BC3F0039D8CE /* LaunchScreen.storyboard in Resources */,
				C4323FEA28C3BC3F0039D8CE /* Assets.xcassets in Resources */,
			);
			runOnlyForDeploymentPostprocessing = 0;
		};
/* End PBXResourcesBuildPhase section */

/* Begin PBXSourcesBuildPhase section */
		C4323FD628C3BC3D0039D8CE /* Sources */ = {
			isa = PBXSourcesBuildPhase;
			buildActionMask = 2147483647;
			files = (
				C4323FF528C3C7F70039D8CE /* MyView.swift in Sources */,
				C4323FE228C3BC3D0039D8CE /* LoginScreenViewController.swift in Sources */,
				C4323FDE28C3BC3D0039D8CE /* AppDelegate.swift in Sources */,
				C4323FE828C3BC3D0039D8CE /* I_Am_Fika.xcdatamodeld in Sources */,
				C4A698A728CC670400CD669A /* LoginScreenView.swift in Sources */,
				C4323FF728C3D7540039D8CE /* MyStackViewController.swift in Sources */,
			);
			runOnlyForDeploymentPostprocessing = 0;
		};
/* End PBXSourcesBuildPhase section */

/* Begin PBXVariantGroup section */
		C4323FEB28C3BC3F0039D8CE /* LaunchScreen.storyboard */ = {
			isa = PBXVariantGroup;
			children = (
				C4323FEC28C3BC3F0039D8CE /* Base */,
			);
			name = LaunchScreen.storyboard;
			sourceTree = "<group>";
		};
/* End PBXVariantGroup section */

/* Begin XCBuildConfiguration section */
		C4323FEF28C3BC3F0039D8CE /* Debug */ = {
			isa = XCBuildConfiguration;
			buildSettings = {
				ALWAYS_SEARCH_USER_PATHS = NO;
				CLANG_ANALYZER_NONNULL = YES;
				CLANG_ANALYZER_NUMBER_OBJECT_CONVERSION = YES_AGGRESSIVE;
				CLANG_CXX_LANGUAGE_STANDARD = "gnu++17";
				CLANG_ENABLE_MODULES = YES;
				CLANG_ENABLE_OBJC_ARC = YES;
				CLANG_ENABLE_OBJC_WEAK = YES;
				CLANG_WARN_BLOCK_CAPTURE_AUTORELEASING = YES;
				CLANG_WARN_BOOL_CONVERSION = YES;
				CLANG_WARN_COMMA = YES;
				CLANG_WARN_CONSTANT_CONVERSION = YES;
				CLANG_WARN_DEPRECATED_OBJC_IMPLEMENTATIONS = YES;
				CLANG_WARN_DIRECT_OBJC_ISA_USAGE = YES_ERROR;
				CLANG_WARN_DOCUMENTATION_COMMENTS = YES;
				CLANG_WARN_EMPTY_BODY = YES;
				CLANG_WARN_ENUM_CONVERSION = YES;
				CLANG_WARN_INFINITE_RECURSION = YES;
				CLANG_WARN_INT_CONVERSION = YES;
				CLANG_WARN_NON_LITERAL_NULL_CONVERSION = YES;
				CLANG_WARN_OBJC_IMPLICIT_RETAIN_SELF = YES;
				CLANG_WARN_OBJC_LITERAL_CONVERSION = YES;
				CLANG_WARN_OBJC_ROOT_CLASS = YES_ERROR;
				CLANG_WARN_QUOTED_INCLUDE_IN_FRAMEWORK_HEADER = YES;
				CLANG_WARN_RANGE_LOOP_ANALYSIS = YES;
				CLANG_WARN_STRICT_PROTOTYPES = YES;
				CLANG_WARN_SUSPICIOUS_MOVE = YES;
				CLANG_WARN_UNGUARDED_AVAILABILITY = YES_AGGRESSIVE;
				CLANG_WARN_UNREACHABLE_CODE = YES;
				CLANG_WARN__DUPLICATE_METHOD_MATCH = YES;
				COPY_PHASE_STRIP = NO;
				DEBUG_INFORMATION_FORMAT = dwarf;
				ENABLE_STRICT_OBJC_MSGSEND = YES;
				ENABLE_TESTABILITY = YES;
				GCC_C_LANGUAGE_STANDARD = gnu11;
				GCC_DYNAMIC_NO_PIC = NO;
				GCC_NO_COMMON_BLOCKS = YES;
				GCC_OPTIMIZATION_LEVEL = 0;
				GCC_PREPROCESSOR_DEFINITIONS = (
					"DEBUG=1",
					"$(inherited)",
				);
				GCC_WARN_64_TO_32_BIT_CONVERSION = YES;
				GCC_WARN_ABOUT_RETURN_TYPE = YES_ERROR;
				GCC_WARN_UNDECLARED_SELECTOR = YES;
				GCC_WARN_UNINITIALIZED_AUTOS = YES_AGGRESSIVE;
				GCC_WARN_UNUSED_FUNCTION = YES;
				GCC_WARN_UNUSED_VARIABLE = YES;
				IPHONEOS_DEPLOYMENT_TARGET = 15.5;
				MTL_ENABLE_DEBUG_INFO = INCLUDE_SOURCE;
				MTL_FAST_MATH = YES;
				ONLY_ACTIVE_ARCH = YES;
				SDKROOT = iphoneos;
				SWIFT_ACTIVE_COMPILATION_CONDITIONS = DEBUG;
				SWIFT_OPTIMIZATION_LEVEL = "-Onone";
			};
			name = Debug;
		};
		C4323FF028C3BC3F0039D8CE /* Release */ = {
			isa = XCBuildConfiguration;
			buildSettings = {
				ALWAYS_SEARCH_USER_PATHS = NO;
				CLANG_ANALYZER_NONNULL = YES;
				CLANG_ANALYZER_NUMBER_OBJECT_CONVERSION = YES_AGGRESSIVE;
				CLANG_CXX_LANGUAGE_STANDARD = "gnu++17";
				CLANG_ENABLE_MODULES = YES;
				CLANG_ENABLE_OBJC_ARC = YES;
				CLANG_ENABLE_OBJC_WEAK = YES;
				CLANG_WARN_BLOCK_CAPTURE_AUTORELEASING = YES;
				CLANG_WARN_BOOL_CONVERSION = YES;
				CLANG_WARN_COMMA = YES;
				CLANG_WARN_CONSTANT_CONVERSION = YES;
				CLANG_WARN_DEPRECATED_OBJC_IMPLEMENTATIONS = YES;
				CLANG_WARN_DIRECT_OBJC_ISA_USAGE = YES_ERROR;
				CLANG_WARN_DOCUMENTATION_COMMENTS = YES;
				CLANG_WARN_EMPTY_BODY = YES;
				CLANG_WARN_ENUM_CONVERSION = YES;
				CLANG_WARN_INFINITE_RECURSION = YES;
				CLANG_WARN_INT_CONVERSION = YES;
				CLANG_WARN_NON_LITERAL_NULL_CONVERSION = YES;
				CLANG_WARN_OBJC_IMPLICIT_RETAIN_SELF = YES;
				CLANG_WARN_OBJC_LITERAL_CONVERSION = YES;
				CLANG_WARN_OBJC_ROOT_CLASS = YES_ERROR;
				CLANG_WARN_QUOTED_INCLUDE_IN_FRAMEWORK_HEADER = YES;
				CLANG_WARN_RANGE_LOOP_ANALYSIS = YES;
				CLANG_WARN_STRICT_PROTOTYPES = YES;
				CLANG_WARN_SUSPICIOUS_MOVE = YES;
				CLANG_WARN_UNGUARDED_AVAILABILITY = YES_AGGRESSIVE;
				CLANG_WARN_UNREACHABLE_CODE = YES;
				CLANG_WARN__DUPLICATE_METHOD_MATCH = YES;
				COPY_PHASE_STRIP = NO;
				DEBUG_INFORMATION_FORMAT = "dwarf-with-dsym";
				ENABLE_NS_ASSERTIONS = NO;
				ENABLE_STRICT_OBJC_MSGSEND = YES;
				GCC_C_LANGUAGE_STANDARD = gnu11;
				GCC_NO_COMMON_BLOCKS = YES;
				GCC_WARN_64_TO_32_BIT_CONVERSION = YES;
				GCC_WARN_ABOUT_RETURN_TYPE = YES_ERROR;
				GCC_WARN_UNDECLARED_SELECTOR = YES;
				GCC_WARN_UNINITIALIZED_AUTOS = YES_AGGRESSIVE;
				GCC_WARN_UNUSED_FUNCTION = YES;
				GCC_WARN_UNUSED_VARIABLE = YES;
				IPHONEOS_DEPLOYMENT_TARGET = 15.5;
				MTL_ENABLE_DEBUG_INFO = NO;
				MTL_FAST_MATH = YES;
				SDKROOT = iphoneos;
				SWIFT_COMPILATION_MODE = wholemodule;
				SWIFT_OPTIMIZATION_LEVEL = "-O";
				VALIDATE_PRODUCT = YES;
			};
			name = Release;
		};
		C4323FF228C3BC3F0039D8CE /* Debug */ = {
			isa = XCBuildConfiguration;
			buildSettings = {
				ASSETCATALOG_COMPILER_APPICON_NAME = AppIcon;
				ASSETCATALOG_COMPILER_GLOBAL_ACCENT_COLOR_NAME = AccentColor;
				CODE_SIGN_STYLE = Automatic;
				CURRENT_PROJECT_VERSION = 1;
				GENERATE_INFOPLIST_FILE = YES;
				INFOPLIST_FILE = "I Am Fika/Info.plist";
				INFOPLIST_KEY_UIApplicationSupportsIndirectInputEvents = YES;
				INFOPLIST_KEY_UILaunchStoryboardName = LaunchScreen;
				INFOPLIST_KEY_UISupportedInterfaceOrientations_iPad = "UIInterfaceOrientationPortrait UIInterfaceOrientationPortraitUpsideDown UIInterfaceOrientationLandscapeLeft UIInterfaceOrientationLandscapeRight";
				INFOPLIST_KEY_UISupportedInterfaceOrientations_iPhone = "UIInterfaceOrientationPortrait UIInterfaceOrientationLandscapeLeft UIInterfaceOrientationLandscapeRight";
				LD_RUNPATH_SEARCH_PATHS = (
					"$(inherited)",
					"@executable_path/Frameworks",
				);
				MARKETING_VERSION = 1.0;
				PRODUCT_BUNDLE_IDENTIFIER = "mpilopillz.I-Am-Fika";
				PRODUCT_NAME = "$(TARGET_NAME)";
				SWIFT_EMIT_LOC_STRINGS = YES;
				SWIFT_VERSION = 5.0;
				TARGETED_DEVICE_FAMILY = "1,2";
			};
			name = Debug;
		};
		C4323FF328C3BC3F0039D8CE /* Release */ = {
			isa = XCBuildConfiguration;
			buildSettings = {
				ASSETCATALOG_COMPILER_APPICON_NAME = AppIcon;
				ASSETCATALOG_COMPILER_GLOBAL_ACCENT_COLOR_NAME = AccentColor;
				CODE_SIGN_STYLE = Automatic;
				CURRENT_PROJECT_VERSION = 1;
				GENERATE_INFOPLIST_FILE = YES;
				INFOPLIST_FILE = "I Am Fika/Info.plist";
				INFOPLIST_KEY_UIApplicationSupportsIndirectInputEvents = YES;
				INFOPLIST_KEY_UILaunchStoryboardName = LaunchScreen;
				INFOPLIST_KEY_UISupportedInterfaceOrientations_iPad = "UIInterfaceOrientationPortrait UIInterfaceOrientationPortraitUpsideDown UIInterfaceOrientationLandscapeLeft UIInterfaceOrientationLandscapeRight";
				INFOPLIST_KEY_UISupportedInterfaceOrientations_iPhone = "UIInterfaceOrientationPortrait UIInterfaceOrientationLandscapeLeft UIInterfaceOrientationLandscapeRight";
				LD_RUNPATH_SEARCH_PATHS = (
					"$(inherited)",
					"@executable_path/Frameworks",
				);
				MARKETING_VERSION = 1.0;
				PRODUCT_BUNDLE_IDENTIFIER = "mpilopillz.I-Am-Fika";
				PRODUCT_NAME = "$(TARGET_NAME)";
				SWIFT_EMIT_LOC_STRINGS = YES;
				SWIFT_VERSION = 5.0;
				TARGETED_DEVICE_FAMILY = "1,2";
			};
			name = Release;
		};
/* End XCBuildConfiguration section */

/* Begin XCConfigurationList section */
		C4323FD528C3BC3D0039D8CE /* Build configuration list for PBXProject "I Am Fika" */ = {
			isa = XCConfigurationList;
			buildConfigurations = (
				C4323FEF28C3BC3F0039D8CE /* Debug */,
				C4323FF028C3BC3F0039D8CE /* Release */,
			);
			defaultConfigurationIsVisible = 0;
			defaultConfigurationName = Release;
		};
		C4323FF128C3BC3F0039D8CE /* Build configuration list for PBXNativeTarget "I Am Fika" */ = {
			isa = XCConfigurationList;
			buildConfigurations = (
				C4323FF228C3BC3F0039D8CE /* Debug */,
				C4323FF328C3BC3F0039D8CE /* Release */,
			);
			defaultConfigurationIsVisible = 0;
			defaultConfigurationName = Release;
		};
/* End XCConfigurationList section */

/* Begin XCVersionGroup section */
		C4323FE628C3BC3D0039D8CE /* I_Am_Fika.xcdatamodeld */ = {
			isa = XCVersionGroup;
			children = (
				C4323FE728C3BC3D0039D8CE /* I_Am_Fika.xcdatamodel */,
			);
			currentVersion = C4323FE728C3BC3D0039D8CE /* I_Am_Fika.xcdatamodel */;
			path = I_Am_Fika.xcdatamodeld;
			sourceTree = "<group>";
			versionGroupType = wrapper.xcdatamodel;
		};
/* End XCVersionGroup section */
	};
	rootObject = C4323FD228C3BC3D0039D8CE /* Project object */;
}
